// !$*UTF8*$!
{
	archiveVersion = 1;
	classes = {
	};
	objectVersion = 50;
	objects = {

/* Begin PBXBuildFile section */
		45E7BE215DBF44A729FD67BA /* libPods-basicSort.a in Frameworks */ = {isa = PBXBuildFile; fileRef = CF721B4B81BA8A97AA2D43CA /* libPods-basicSort.a */; };
		DCA67EEE868B8097EAAE2E94 /* libPods-basicSortTests.a in Frameworks */ = {isa = PBXBuildFile; fileRef = 6B5EB2C969D74AFE558E6FE6 /* libPods-basicSortTests.a */; };
		DD6C93002265B7B7004991DB /* ChinesePeople.m in Sources */ = {isa = PBXBuildFile; fileRef = DD6C92FF2265B7B7004991DB /* ChinesePeople.m */; };
		DDB300E7223252D400918508 /* AppDelegate.m in Sources */ = {isa = PBXBuildFile; fileRef = DDB300E6223252D400918508 /* AppDelegate.m */; };
		DDB300EA223252D400918508 /* ViewController.m in Sources */ = {isa = PBXBuildFile; fileRef = DDB300E9223252D400918508 /* ViewController.m */; };
		DDB300ED223252D400918508 /* Main.storyboard in Resources */ = {isa = PBXBuildFile; fileRef = DDB300EB223252D400918508 /* Main.storyboard */; };
		DDB300EF223252DE00918508 /* Assets.xcassets in Resources */ = {isa = PBXBuildFile; fileRef = DDB300EE223252DE00918508 /* Assets.xcassets */; };
		DDB300F2223252DE00918508 /* LaunchScreen.storyboard in Resources */ = {isa = PBXBuildFile; fileRef = DDB300F0223252DE00918508 /* LaunchScreen.storyboard */; };
		DDB300F5223252DE00918508 /* main.m in Sources */ = {isa = PBXBuildFile; fileRef = DDB300F4223252DE00918508 /* main.m */; };
		DDB300FF223252DE00918508 /* basicSortTests.m in Sources */ = {isa = PBXBuildFile; fileRef = DDB300FE223252DE00918508 /* basicSortTests.m */; };
		DDB3010A223252DE00918508 /* basicSortUITests.m in Sources */ = {isa = PBXBuildFile; fileRef = DDB30109223252DE00918508 /* basicSortUITests.m */; };
		DE7BC744084780B1137CE3BD /* libPods-basicSortUITests.a in Frameworks */ = {isa = PBXBuildFile; fileRef = E931EDBC76C8BE2B9D381794 /* libPods-basicSortUITests.a */; };
/* End PBXBuildFile section */

/* Begin PBXContainerItemProxy section */
		DDB300FB223252DE00918508 /* PBXContainerItemProxy */ = {
			isa = PBXContainerItemProxy;
			containerPortal = DDB300DA223252D400918508 /* Project object */;
			proxyType = 1;
			remoteGlobalIDString = DDB300E1223252D400918508;
			remoteInfo = basicSort;
		};
		DDB30106223252DE00918508 /* PBXContainerItemProxy */ = {
			isa = PBXContainerItemProxy;
			containerPortal = DDB300DA223252D400918508 /* Project object */;
			proxyType = 1;
			remoteGlobalIDString = DDB300E1223252D400918508;
			remoteInfo = basicSort;
		};
/* End PBXContainerItemProxy section */

/* Begin PBXFileReference section */
		18DBBBE42CAD51A7436C2CF8 /* Pods-basicSort.debug.xcconfig */ = {isa = PBXFileReference; includeInIndex = 1; lastKnownFileType = text.xcconfig; name = "Pods-basicSort.debug.xcconfig"; path = "Pods/Target Support Files/Pods-basicSort/Pods-basicSort.debug.xcconfig"; sourceTree = "<group>"; };
		405B025EA5E8F7588BFB496B /* Pods-basicSort.release.xcconfig */ = {isa = PBXFileReference; includeInIndex = 1; lastKnownFileType = text.xcconfig; name = "Pods-basicSort.release.xcconfig"; path = "Pods/Target Support Files/Pods-basicSort/Pods-basicSort.release.xcconfig"; sourceTree = "<group>"; };
		6B5EB2C969D74AFE558E6FE6 /* libPods-basicSortTests.a */ = {isa = PBXFileReference; explicitFileType = archive.ar; includeInIndex = 0; path = "libPods-basicSortTests.a"; sourceTree = BUILT_PRODUCTS_DIR; };
		744F19BD7CF462346B95023E /* Pods-basicSortTests.release.xcconfig */ = {isa = PBXFileReference; includeInIndex = 1; lastKnownFileType = text.xcconfig; name = "Pods-basicSortTests.release.xcconfig"; path = "Pods/Target Support Files/Pods-basicSortTests/Pods-basicSortTests.release.xcconfig"; sourceTree = "<group>"; };
		9B8C4701C6D6FA758D8654FD /* Pods-basicSortTests.debug.xcconfig */ = {isa = PBXFileReference; includeInIndex = 1; lastKnownFileType = text.xcconfig; name = "Pods-basicSortTests.debug.xcconfig"; path = "Pods/Target Support Files/Pods-basicSortTests/Pods-basicSortTests.debug.xcconfig"; sourceTree = "<group>"; };
		C432F1E1EC5F767683AF8477 /* Pods-basicSortUITests.release.xcconfig */ = {isa = PBXFileReference; includeInIndex = 1; lastKnownFileType = text.xcconfig; name = "Pods-basicSortUITests.release.xcconfig"; path = "Pods/Target Support Files/Pods-basicSortUITests/Pods-basicSortUITests.release.xcconfig"; sourceTree = "<group>"; };
		CE21146FBD1FA66250D0052C /* Pods-basicSortUITests.debug.xcconfig */ = {isa = PBXFileReference; includeInIndex = 1; lastKnownFileType = text.xcconfig; name = "Pods-basicSortUITests.debug.xcconfig"; path = "Pods/Target Support Files/Pods-basicSortUITests/Pods-basicSortUITests.debug.xcconfig"; sourceTree = "<group>"; };
		CF721B4B81BA8A97AA2D43CA /* libPods-basicSort.a */ = {isa = PBXFileReference; explicitFileType = archive.ar; includeInIndex = 0; path = "libPods-basicSort.a"; sourceTree = BUILT_PRODUCTS_DIR; };
		DD6C92FE2265B7B7004991DB /* ChinesePeople.h */ = {isa = PBXFileReference; lastKnownFileType = sourcecode.c.h; path = ChinesePeople.h; sourceTree = "<group>"; };
		DD6C92FF2265B7B7004991DB /* ChinesePeople.m */ = {isa = PBXFileReference; lastKnownFileType = sourcecode.c.objc; path = ChinesePeople.m; sourceTree = "<group>"; };
		DDB300E2223252D400918508 /* basicSort.app */ = {isa = PBXFileReference; explicitFileType = wrapper.application; includeInIndex = 0; path = basicSort.app; sourceTree = BUILT_PRODUCTS_DIR; };
		DDB300E5223252D400918508 /* AppDelegate.h */ = {isa = PBXFileReference; lastKnownFileType = sourcecode.c.h; path = AppDelegate.h; sourceTree = "<group>"; };
		DDB300E6223252D400918508 /* AppDelegate.m */ = {isa = PBXFileReference; lastKnownFileType = sourcecode.c.objc; path = AppDelegate.m; sourceTree = "<group>"; };
		DDB300E8223252D400918508 /* ViewController.h */ = {isa = PBXFileReference; lastKnownFileType = sourcecode.c.h; path = ViewController.h; sourceTree = "<group>"; };
		DDB300E9223252D400918508 /* ViewController.m */ = {isa = PBXFileReference; lastKnownFileType = sourcecode.c.objc; path = ViewController.m; sourceTree = "<group>"; };
		DDB300EC223252D400918508 /* Base */ = {isa = PBXFileReference; lastKnownFileType = file.storyboard; name = Base; path = Base.lproj/Main.storyboard; sourceTree = "<group>"; };
		DDB300EE223252DE00918508 /* Assets.xcassets */ = {isa = PBXFileReference; lastKnownFileType = folder.assetcatalog; path = Assets.xcassets; sourceTree = "<group>"; };
		DDB300F1223252DE00918508 /* Base */ = {isa = PBXFileReference; lastKnownFileType = file.storyboard; name = Base; path = Base.lproj/LaunchScreen.storyboard; sourceTree = "<group>"; };
		DDB300F3223252DE00918508 /* Info.plist */ = {isa = PBXFileReference; lastKnownFileType = text.plist.xml; path = Info.plist; sourceTree = "<group>"; };
		DDB300F4223252DE00918508 /* main.m */ = {isa = PBXFileReference; lastKnownFileType = sourcecode.c.objc; path = main.m; sourceTree = "<group>"; };
		DDB300FA223252DE00918508 /* basicSortTests.xctest */ = {isa = PBXFileReference; explicitFileType = wrapper.cfbundle; includeInIndex = 0; path = basicSortTests.xctest; sourceTree = BUILT_PRODUCTS_DIR; };
		DDB300FE223252DE00918508 /* basicSortTests.m */ = {isa = PBXFileReference; lastKnownFileType = sourcecode.c.objc; path = basicSortTests.m; sourceTree = "<group>"; };
		DDB30100223252DE00918508 /* Info.plist */ = {isa = PBXFileReference; lastKnownFileType = text.plist.xml; path = Info.plist; sourceTree = "<group>"; };
		DDB30105223252DE00918508 /* basicSortUITests.xctest */ = {isa = PBXFileReference; explicitFileType = wrapper.cfbundle; includeInIndex = 0; path = basicSortUITests.xctest; sourceTree = BUILT_PRODUCTS_DIR; };
		DDB30109223252DE00918508 /* basicSortUITests.m */ = {isa = PBXFileReference; lastKnownFileType = sourcecode.c.objc; path = basicSortUITests.m; sourceTree = "<group>"; };
		DDB3010B223252DE00918508 /* Info.plist */ = {isa = PBXFileReference; lastKnownFileType = text.plist.xml; path = Info.plist; sourceTree = "<group>"; };
		E931EDBC76C8BE2B9D381794 /* libPods-basicSortUITests.a */ = {isa = PBXFileReference; explicitFileType = archive.ar; includeInIndex = 0; path = "libPods-basicSortUITests.a"; sourceTree = BUILT_PRODUCTS_DIR; };
/* End PBXFileReference section */

/* Begin PBXFrameworksBuildPhase section */
		DDB300DF223252D400918508 /* Frameworks */ = {
			isa = PBXFrameworksBuildPhase;
			buildActionMask = 2147483647;
			files = (
				45E7BE215DBF44A729FD67BA /* libPods-basicSort.a in Frameworks */,
			);
			runOnlyForDeploymentPostprocessing = 0;
		};
		DDB300F7223252DE00918508 /* Frameworks */ = {
			isa = PBXFrameworksBuildPhase;
			buildActionMask = 2147483647;
			files = (
				DCA67EEE868B8097EAAE2E94 /* libPods-basicSortTests.a in Frameworks */,
			);
			runOnlyForDeploymentPostprocessing = 0;
		};
		DDB30102223252DE00918508 /* Frameworks */ = {
			isa = PBXFrameworksBuildPhase;
			buildActionMask = 2147483647;
			files = (
				DE7BC744084780B1137CE3BD /* libPods-basicSortUITests.a in Frameworks */,
			);
			runOnlyForDeploymentPostprocessing = 0;
		};
/* End PBXFrameworksBuildPhase section */

/* Begin PBXGroup section */
		0291265A7E778C267760E9FC /* Pods */ = {
			isa = PBXGroup;
			children = (
				18DBBBE42CAD51A7436C2CF8 /* Pods-basicSort.debug.xcconfig */,
				405B025EA5E8F7588BFB496B /* Pods-basicSort.release.xcconfig */,
				9B8C4701C6D6FA758D8654FD /* Pods-basicSortTests.debug.xcconfig */,
				744F19BD7CF462346B95023E /* Pods-basicSortTests.release.xcconfig */,
				CE21146FBD1FA66250D0052C /* Pods-basicSortUITests.debug.xcconfig */,
				C432F1E1EC5F767683AF8477 /* Pods-basicSortUITests.release.xcconfig */,
			);
			name = Pods;
			sourceTree = "<group>";
		};
		A621703DF878D8951388F863 /* Frameworks */ = {
			isa = PBXGroup;
			children = (
				CF721B4B81BA8A97AA2D43CA /* libPods-basicSort.a */,
				6B5EB2C969D74AFE558E6FE6 /* libPods-basicSortTests.a */,
				E931EDBC76C8BE2B9D381794 /* libPods-basicSortUITests.a */,
			);
			name = Frameworks;
			sourceTree = "<group>";
		};
		DDB300D9223252D400918508 = {
			isa = PBXGroup;
			children = (
				DDB300E4223252D400918508 /* basicSort */,
				DDB300FD223252DE00918508 /* basicSortTests */,
				DDB30108223252DE00918508 /* basicSortUITests */,
				DDB300E3223252D400918508 /* Products */,
				0291265A7E778C267760E9FC /* Pods */,
				A621703DF878D8951388F863 /* Frameworks */,
			);
			sourceTree = "<group>";
		};
		DDB300E3223252D400918508 /* Products */ = {
			isa = PBXGroup;
			children = (
				DDB300E2223252D400918508 /* basicSort.app */,
				DDB300FA223252DE00918508 /* basicSortTests.xctest */,
				DDB30105223252DE00918508 /* basicSortUITests.xctest */,
			);
			name = Products;
			sourceTree = "<group>";
		};
		DDB300E4223252D400918508 /* basicSort */ = {
			isa = PBXGroup;
			children = (
				DDB300E5223252D400918508 /* AppDelegate.h */,
				DDB300E6223252D400918508 /* AppDelegate.m */,
				DDB300E8223252D400918508 /* ViewController.h */,
				DDB300E9223252D400918508 /* ViewController.m */,
				DD6C92FE2265B7B7004991DB /* ChinesePeople.h */,
				DD6C92FF2265B7B7004991DB /* ChinesePeople.m */,
				DDB300EB223252D400918508 /* Main.storyboard */,
				DDB300EE223252DE00918508 /* Assets.xcassets */,
				DDB300F0223252DE00918508 /* LaunchScreen.storyboard */,
				DDB300F3223252DE00918508 /* Info.plist */,
				DDB300F4223252DE00918508 /* main.m */,
			);
			path = basicSort;
			sourceTree = "<group>";
		};
		DDB300FD223252DE00918508 /* basicSortTests */ = {
			isa = PBXGroup;
			children = (
				DDB300FE223252DE00918508 /* basicSortTests.m */,
				DDB30100223252DE00918508 /* Info.plist */,
			);
			path = basicSortTests;
			sourceTree = "<group>";
		};
		DDB30108223252DE00918508 /* basicSortUITests */ = {
			isa = PBXGroup;
			children = (
				DDB30109223252DE00918508 /* basicSortUITests.m */,
				DDB3010B223252DE00918508 /* Info.plist */,
			);
			path = basicSortUITests;
			sourceTree = "<group>";
		};
/* End PBXGroup section */

/* Begin PBXNativeTarget section */
		DDB300E1223252D400918508 /* basicSort */ = {
			isa = PBXNativeTarget;
			buildConfigurationList = DDB3010E223252DE00918508 /* Build configuration list for PBXNativeTarget "basicSort" */;
			buildPhases = (
				2D49399325AEC652FEE76E33 /* [CP] Check Pods Manifest.lock */,
				DDB300DE223252D400918508 /* Sources */,
				DDB300DF223252D400918508 /* Frameworks */,
				DDB300E0223252D400918508 /* Resources */,
				880593B410FC6A55FDCA2F06 /* [CP] Copy Pods Resources */,
			);
			buildRules = (
			);
			dependencies = (
			);
			name = basicSort;
			productName = basicSort;
			productReference = DDB300E2223252D400918508 /* basicSort.app */;
			productType = "com.apple.product-type.application";
		};
		DDB300F9223252DE00918508 /* basicSortTests */ = {
			isa = PBXNativeTarget;
			buildConfigurationList = DDB30111223252DE00918508 /* Build configuration list for PBXNativeTarget "basicSortTests" */;
			buildPhases = (
				1EB6C615C5BE5ED708296610 /* [CP] Check Pods Manifest.lock */,
				DDB300F6223252DE00918508 /* Sources */,
				DDB300F7223252DE00918508 /* Frameworks */,
				DDB300F8223252DE00918508 /* Resources */,
			);
			buildRules = (
			);
			dependencies = (
				DDB300FC223252DE00918508 /* PBXTargetDependency */,
			);
			name = basicSortTests;
			productName = basicSortTests;
			productReference = DDB300FA223252DE00918508 /* basicSortTests.xctest */;
			productType = "com.apple.product-type.bundle.unit-test";
		};
		DDB30104223252DE00918508 /* basicSortUITests */ = {
			isa = PBXNativeTarget;
			buildConfigurationList = DDB30114223252DE00918508 /* Build configuration list for PBXNativeTarget "basicSortUITests" */;
			buildPhases = (
				6D6B069B8B8F2E11CD36E880 /* [CP] Check Pods Manifest.lock */,
				DDB30101223252DE00918508 /* Sources */,
				DDB30102223252DE00918508 /* Frameworks */,
				DDB30103223252DE00918508 /* Resources */,
			);
			buildRules = (
			);
			dependencies = (
				DDB30107223252DE00918508 /* PBXTargetDependency */,
			);
			name = basicSortUITests;
			productName = basicSortUITests;
			productReference = DDB30105223252DE00918508 /* basicSortUITests.xctest */;
			productType = "com.apple.product-type.bundle.ui-testing";
		};
/* End PBXNativeTarget section */

/* Begin PBXProject section */
		DDB300DA223252D400918508 /* Project object */ = {
			isa = PBXProject;
			attributes = {
				LastUpgradeCheck = 0940;
				ORGANIZATIONNAME = yqs;
				TargetAttributes = {
					DDB300E1223252D400918508 = {
						CreatedOnToolsVersion = 9.4;
					};
					DDB300F9223252DE00918508 = {
						CreatedOnToolsVersion = 9.4;
						TestTargetID = DDB300E1223252D400918508;
					};
					DDB30104223252DE00918508 = {
						CreatedOnToolsVersion = 9.4;
						TestTargetID = DDB300E1223252D400918508;
					};
				};
			};
			buildConfigurationList = DDB300DD223252D400918508 /* Build configuration list for PBXProject "basicSort" */;
			compatibilityVersion = "Xcode 9.3";
			developmentRegion = en;
			hasScannedForEncodings = 0;
			knownRegions = (
				en,
				Base,
			);
			mainGroup = DDB300D9223252D400918508;
			productRefGroup = DDB300E3223252D400918508 /* Products */;
			projectDirPath = "";
			projectRoot = "";
			targets = (
				DDB300E1223252D400918508 /* basicSort */,
				DDB300F9223252DE00918508 /* basicSortTests */,
				DDB30104223252DE00918508 /* basicSortUITests */,
			);
		};
/* End PBXProject section */

/* Begin PBXResourcesBuildPhase section */
		DDB300E0223252D400918508 /* Resources */ = {
			isa = PBXResourcesBuildPhase;
			buildActionMask = 2147483647;
			files = (
				DDB300F2223252DE00918508 /* LaunchScreen.storyboard in Resources */,
				DDB300EF223252DE00918508 /* Assets.xcassets in Resources */,
				DDB300ED223252D400918508 /* Main.storyboard in Resources */,
			);
			runOnlyForDeploymentPostprocessing = 0;
		};
		DDB300F8223252DE00918508 /* Resources */ = {
			isa = PBXResourcesBuildPhase;
			buildActionMask = 2147483647;
			files = (
			);
			runOnlyForDeploymentPostprocessing = 0;
		};
		DDB30103223252DE00918508 /* Resources */ = {
			isa = PBXResourcesBuildPhase;
			buildActionMask = 2147483647;
			files = (
			);
			runOnlyForDeploymentPostprocessing = 0;
		};
/* End PBXResourcesBuildPhase section */

/* Begin PBXShellScriptBuildPhase section */
		1EB6C615C5BE5ED708296610 /* [CP] Check Pods Manifest.lock */ = {
			isa = PBXShellScriptBuildPhase;
			buildActionMask = 2147483647;
			files = (
			);
			inputPaths = (
				"${PODS_PODFILE_DIR_PATH}/Podfile.lock",
				"${PODS_ROOT}/Manifest.lock",
			);
			name = "[CP] Check Pods Manifest.lock";
			outputPaths = (
				"$(DERIVED_FILE_DIR)/Pods-basicSortTests-checkManifestLockResult.txt",
			);
			runOnlyForDeploymentPostprocessing = 0;
			shellPath = /bin/sh;
			shellScript = "diff \"${PODS_PODFILE_DIR_PATH}/Podfile.lock\" \"${PODS_ROOT}/Manifest.lock\" > /dev/null\nif [ $? != 0 ] ; then\n    # print error to STDERR\n    echo \"error: The sandbox is not in sync with the Podfile.lock. Run 'pod install' or update your CocoaPods installation.\" >&2\n    exit 1\nfi\n# This output is used by Xcode 'outputs' to avoid re-running this script phase.\necho \"SUCCESS\" > \"${SCRIPT_OUTPUT_FILE_0}\"\n";
			showEnvVarsInLog = 0;
		};
		2D49399325AEC652FEE76E33 /* [CP] Check Pods Manifest.lock */ = {
			isa = PBXShellScriptBuildPhase;
			buildActionMask = 2147483647;
			files = (
			);
			inputPaths = (
				"${PODS_PODFILE_DIR_PATH}/Podfile.lock",
				"${PODS_ROOT}/Manifest.lock",
			);
			name = "[CP] Check Pods Manifest.lock";
			outputPaths = (
				"$(DERIVED_FILE_DIR)/Pods-basicSort-checkManifestLockResult.txt",
			);
			runOnlyForDeploymentPostprocessing = 0;
			shellPath = /bin/sh;
			shellScript = "diff \"${PODS_PODFILE_DIR_PATH}/Podfile.lock\" \"${PODS_ROOT}/Manifest.lock\" > /dev/null\nif [ $? != 0 ] ; then\n    # print error to STDERR\n    echo \"error: The sandbox is not in sync with the Podfile.lock. Run 'pod install' or update your CocoaPods installation.\" >&2\n    exit 1\nfi\n# This output is used by Xcode 'outputs' to avoid re-running this script phase.\necho \"SUCCESS\" > \"${SCRIPT_OUTPUT_FILE_0}\"\n";
			showEnvVarsInLog = 0;
		};
		6D6B069B8B8F2E11CD36E880 /* [CP] Check Pods Manifest.lock */ = {
			isa = PBXShellScriptBuildPhase;
			buildActionMask = 2147483647;
			files = (
			);
			inputPaths = (
				"${PODS_PODFILE_DIR_PATH}/Podfile.lock",
				"${PODS_ROOT}/Manifest.lock",
			);
			name = "[CP] Check Pods Manifest.lock";
			outputPaths = (
				"$(DERIVED_FILE_DIR)/Pods-basicSortUITests-checkManifestLockResult.txt",
			);
			runOnlyForDeploymentPostprocessing = 0;
			shellPath = /bin/sh;
			shellScript = "diff \"${PODS_PODFILE_DIR_PATH}/Podfile.lock\" \"${PODS_ROOT}/Manifest.lock\" > /dev/null\nif [ $? != 0 ] ; then\n    # print error to STDERR\n    echo \"error: The sandbox is not in sync with the Podfile.lock. Run 'pod install' or update your CocoaPods installation.\" >&2\n    exit 1\nfi\n# This output is used by Xcode 'outputs' to avoid re-running this script phase.\necho \"SUCCESS\" > \"${SCRIPT_OUTPUT_FILE_0}\"\n";
			showEnvVarsInLog = 0;
		};
		880593B410FC6A55FDCA2F06 /* [CP] Copy Pods Resources */ = {
			isa = PBXShellScriptBuildPhase;
			buildActionMask = 2147483647;
			files = (
			);
			inputPaths = (
				"${SRCROOT}/Pods/Target Support Files/Pods-basicSort/Pods-basicSort-resources.sh",
				"${PODS_ROOT}/IQKeyboardManager/IQKeyboardManager/Resources/IQKeyboardManager.bundle",
			);
			name = "[CP] Copy Pods Resources";
			outputPaths = (
				"${TARGET_BUILD_DIR}/${UNLOCALIZED_RESOURCES_FOLDER_PATH}/IQKeyboardManager.bundle",
			);
			runOnlyForDeploymentPostprocessing = 0;
			shellPath = /bin/sh;
			shellScript = "\"${SRCROOT}/Pods/Target Support Files/Pods-basicSort/Pods-basicSort-resources.sh\"\n";
			showEnvVarsInLog = 0;
		};
/* End PBXShellScriptBuildPhase section */

/* Begin PBXSourcesBuildPhase section */
		DDB300DE223252D400918508 /* Sources */ = {
			isa = PBXSourcesBuildPhase;
			buildActionMask = 2147483647;
			files = (
				DDB300EA223252D400918508 /* ViewController.m in Sources */,
				DDB300F5223252DE00918508 /* main.m in Sources */,
				DD6C93002265B7B7004991DB /* ChinesePeople.m in Sources */,
				DDB300E7223252D400918508 /* AppDelegate.m in Sources */,
			);
			runOnlyForDeploymentPostprocessing = 0;
		};
		DDB300F6223252DE00918508 /* Sources */ = {
			isa = PBXSourcesBuildPhase;
			buildActionMask = 2147483647;
			files = (
				DDB300FF223252DE00918508 /* basicSortTests.m in Sources */,
			);
			runOnlyForDeploymentPostprocessing = 0;
		};
		DDB30101223252DE00918508 /* Sources */ = {
			isa = PBXSourcesBuildPhase;
			buildActionMask = 2147483647;
			files = (
				DDB3010A223252DE00918508 /* basicSortUITests.m in Sources */,
			);
			runOnlyForDeploymentPostprocessing = 0;
		};
/* End PBXSourcesBuildPhase section */

/* Begin PBXTargetDependency section */
		DDB300FC223252DE00918508 /* PBXTargetDependency */ = {
			isa = PBXTargetDependency;
			target = DDB300E1223252D400918508 /* basicSort */;
			targetProxy = DDB300FB223252DE00918508 /* PBXContainerItemProxy */;
		};
		DDB30107223252DE00918508 /* PBXTargetDependency */ = {
			isa = PBXTargetDependency;
			target = DDB300E1223252D400918508 /* basicSort */;
			targetProxy = DDB30106223252DE00918508 /* PBXContainerItemProxy */;
		};
/* End PBXTargetDependency section */

/* Begin PBXVariantGroup section */
		DDB300EB223252D400918508 /* Main.storyboard */ = {
			isa = PBXVariantGroup;
			children = (
				DDB300EC223252D400918508 /* Base */,
			);
			name = Main.storyboard;
			sourceTree = "<group>";
		};
		DDB300F0223252DE00918508 /* LaunchScreen.storyboard */ = {
			isa = PBXVariantGroup;
			children = (
				DDB300F1223252DE00918508 /* Base */,
			);
			name = LaunchScreen.storyboard;
			sourceTree = "<group>";
		};
/* End PBXVariantGroup section */

/* Begin XCBuildConfiguration section */
		DDB3010C223252DE00918508 /* Debug */ = {
			isa = XCBuildConfiguration;
			buildSettings = {
				ALWAYS_SEARCH_USER_PATHS = NO;
				CLANG_ANALYZER_NONNULL = YES;
				CLANG_ANALYZER_NUMBER_OBJECT_CONVERSION = YES_AGGRESSIVE;
				CLANG_CXX_LANGUAGE_STANDARD = "gnu++14";
				CLANG_CXX_LIBRARY = "libc++";
				CLANG_ENABLE_MODULES = YES;
				CLANG_ENABLE_OBJC_ARC = YES;
				CLANG_ENABLE_OBJC_WEAK = YES;
				CLANG_WARN_BLOCK_CAPTURE_AUTORELEASING = YES;
				CLANG_WARN_BOOL_CONVERSION = YES;
				CLANG_WARN_COMMA = YES;
				CLANG_WARN_CONSTANT_CONVERSION = YES;
				CLANG_WARN_DEPRECATED_OBJC_IMPLEMENTATIONS = YES;
				CLANG_WARN_DIRECT_OBJC_ISA_USAGE = YES_ERROR;
				CLANG_WARN_DOCUMENTATION_COMMENTS = YES;
				CLANG_WARN_EMPTY_BODY = YES;
				CLANG_WARN_ENUM_CONVERSION = YES;
				CLANG_WARN_INFINITE_RECURSION = YES;
				CLANG_WARN_INT_CONVERSION = YES;
				CLANG_WARN_NON_LITERAL_NULL_CONVERSION = YES;
				CLANG_WARN_OBJC_IMPLICIT_RETAIN_SELF = YES;
				CLANG_WARN_OBJC_LITERAL_CONVERSION = YES;
				CLANG_WARN_OBJC_ROOT_CLASS = YES_ERROR;
				CLANG_WARN_RANGE_LOOP_ANALYSIS = YES;
				CLANG_WARN_STRICT_PROTOTYPES = YES;
				CLANG_WARN_SUSPICIOUS_MOVE = YES;
				CLANG_WARN_UNGUARDED_AVAILABILITY = YES_AGGRESSIVE;
				CLANG_WARN_UNREACHABLE_CODE = YES;
				CLANG_WARN__DUPLICATE_METHOD_MATCH = YES;
				CODE_SIGN_IDENTITY = "iPhone Developer";
				COPY_PHASE_STRIP = NO;
				DEBUG_INFORMATION_FORMAT = dwarf;
				ENABLE_STRICT_OBJC_MSGSEND = YES;
				ENABLE_TESTABILITY = YES;
				GCC_C_LANGUAGE_STANDARD = gnu11;
				GCC_DYNAMIC_NO_PIC = NO;
				GCC_NO_COMMON_BLOCKS = YES;
				GCC_OPTIMIZATION_LEVEL = 0;
				GCC_PREPROCESSOR_DEFINITIONS = (
					"DEBUG=1",
					"$(inherited)",
				);
				GCC_WARN_64_TO_32_BIT_CONVERSION = YES;
				GCC_WARN_ABOUT_RETURN_TYPE = YES_ERROR;
				GCC_WARN_UNDECLARED_SELECTOR = YES;
				GCC_WARN_UNINITIALIZED_AUTOS = YES_AGGRESSIVE;
				GCC_WARN_UNUSED_FUNCTION = YES;
				GCC_WARN_UNUSED_VARIABLE = YES;
				IPHONEOS_DEPLOYMENT_TARGET = 11.4;
				MTL_ENABLE_DEBUG_INFO = YES;
				ONLY_ACTIVE_ARCH = YES;
				SDKROOT = iphoneos;
			};
			name = Debug;
		};
		DDB3010D223252DE00918508 /* Release */ = {
			isa = XCBuildConfiguration;
			buildSettings = {
				ALWAYS_SEARCH_USER_PATHS = NO;
				CLANG_ANALYZER_NONNULL = YES;
				CLANG_ANALYZER_NUMBER_OBJECT_CONVERSION = YES_AGGRESSIVE;
				CLANG_CXX_LANGUAGE_STANDARD = "gnu++14";
				CLANG_CXX_LIBRARY = "libc++";
				CLANG_ENABLE_MODULES = YES;
				CLANG_ENABLE_OBJC_ARC = YES;
				CLANG_ENABLE_OBJC_WEAK = YES;
				CLANG_WARN_BLOCK_CAPTURE_AUTORELEASING = YES;
				CLANG_WARN_BOOL_CONVERSION = YES;
				CLANG_WARN_COMMA = YES;
				CLANG_WARN_CONSTANT_CONVERSION = YES;
				CLANG_WARN_DEPRECATED_OBJC_IMPLEMENTATIONS = YES;
				CLANG_WARN_DIRECT_OBJC_ISA_USAGE = YES_ERROR;
				CLANG_WARN_DOCUMENTATION_COMMENTS = YES;
				CLANG_WARN_EMPTY_BODY = YES;
				CLANG_WARN_ENUM_CONVERSION = YES;
				CLANG_WARN_INFINITE_RECURSION = YES;
				CLANG_WARN_INT_CONVERSION = YES;
				CLANG_WARN_NON_LITERAL_NULL_CONVERSION = YES;
				CLANG_WARN_OBJC_IMPLICIT_RETAIN_SELF = YES;
				CLANG_WARN_OBJC_LITERAL_CONVERSION = YES;
				CLANG_WARN_OBJC_ROOT_CLASS = YES_ERROR;
				CLANG_WARN_RANGE_LOOP_ANALYSIS = YES;
				CLANG_WARN_STRICT_PROTOTYPES = YES;
				CLANG_WARN_SUSPICIOUS_MOVE = YES;
				CLANG_WARN_UNGUARDED_AVAILABILITY = YES_AGGRESSIVE;
				CLANG_WARN_UNREACHABLE_CODE = YES;
				CLANG_WARN__DUPLICATE_METHOD_MATCH = YES;
				CODE_SIGN_IDENTITY = "iPhone Developer";
				COPY_PHASE_STRIP = NO;
				DEBUG_INFORMATION_FORMAT = "dwarf-with-dsym";
				ENABLE_NS_ASSERTIONS = NO;
				ENABLE_STRICT_OBJC_MSGSEND = YES;
				GCC_C_LANGUAGE_STANDARD = gnu11;
				GCC_NO_COMMON_BLOCKS = YES;
				GCC_WARN_64_TO_32_BIT_CONVERSION = YES;
				GCC_WARN_ABOUT_RETURN_TYPE = YES_ERROR;
				GCC_WARN_UNDECLARED_SELECTOR = YES;
				GCC_WARN_UNINITIALIZED_AUTOS = YES_AGGRESSIVE;
				GCC_WARN_UNUSED_FUNCTION = YES;
				GCC_WARN_UNUSED_VARIABLE = YES;
				IPHONEOS_DEPLOYMENT_TARGET = 11.4;
				MTL_ENABLE_DEBUG_INFO = NO;
				SDKROOT = iphoneos;
				VALIDATE_PRODUCT = YES;
			};
			name = Release;
		};
		DDB3010F223252DE00918508 /* Debug */ = {
			isa = XCBuildConfiguration;
			baseConfigurationReference = 18DBBBE42CAD51A7436C2CF8 /* Pods-basicSort.debug.xcconfig */;
			buildSettings = {
				ASSETCATALOG_COMPILER_APPICON_NAME = AppIcon;
				CODE_SIGN_STYLE = Automatic;
				DEVELOPMENT_TEAM = H26Y54627N;
				ENABLE_BITCODE = NO;
				INFOPLIST_FILE = basicSort/Info.plist;
				LD_RUNPATH_SEARCH_PATHS = (
					"$(inherited)",
					"@executable_path/Frameworks",
				);
				PRODUCT_BUNDLE_IDENTIFIER = yqs.basicSort;
				PRODUCT_NAME = "$(TARGET_NAME)";
				TARGETED_DEVICE_FAMILY = "1,2";
			};
			name = Debug;
		};
		DDB30110223252DE00918508 /* Release */ = {
			isa = XCBuildConfiguration;
			baseConfigurationReference = 405B025EA5E8F7588BFB496B /* Pods-basicSort.release.xcconfig */;
			buildSettings = {
				ASSETCATALOG_COMPILER_APPICON_NAME = AppIcon;
				CODE_SIGN_STYLE = Automatic;
				DEVELOPMENT_TEAM = H26Y54627N;
				ENABLE_BITCODE = NO;
				INFOPLIST_FILE = basicSort/Info.plist;
				LD_RUNPATH_SEARCH_PATHS = (
					"$(inherited)",
					"@executable_path/Frameworks",
				);
				PRODUCT_BUNDLE_IDENTIFIER = yqs.basicSort;
				PRODUCT_NAME = "$(TARGET_NAME)";
				TARGETED_DEVICE_FAMILY = "1,2";
			};
			name = Release;
		};
		DDB30112223252DE00918508 /* Debug */ = {
			isa = XCBuildConfiguration;
			baseConfigurationReference = 9B8C4701C6D6FA758D8654FD /* Pods-basicSortTests.debug.xcconfig */;
			buildSettings = {
				BUNDLE_LOADER = "$(TEST_HOST)";
				CODE_SIGN_STYLE = Automatic;
				DEVELOPMENT_TEAM = H26Y54627N;
				INFOPLIST_FILE = basicSortTests/Info.plist;
				LD_RUNPATH_SEARCH_PATHS = (
					"$(inherited)",
					"@executable_path/Frameworks",
					"@loader_path/Frameworks",
				);
				PRODUCT_BUNDLE_IDENTIFIER = yqs.basicSortTests;
				PRODUCT_NAME = "$(TARGET_NAME)";
				TARGETED_DEVICE_FAMILY = "1,2";
				TEST_HOST = "$(BUILT_PRODUCTS_DIR)/basicSort.app/basicSort";
			};
			name = Debug;
		};
		DDB30113223252DE00918508 /* Release */ = {
			isa = XCBuildConfiguration;
			baseConfigurationReference = 744F19BD7CF462346B95023E /* Pods-basicSortTests.release.xcconfig */;
			buildSettings = {
				BUNDLE_LOADER = "$(TEST_HOST)";
				CODE_SIGN_STYLE = Automatic;
				DEVELOPMENT_TEAM = H26Y54627N;
				INFOPLIST_FILE = basicSortTests/Info.plist;
				LD_RUNPATH_SEARCH_PATHS = (
					"$(inherited)",
					"@executable_path/Frameworks",
					"@loader_path/Frameworks",
				);
				PRODUCT_BUNDLE_IDENTIFIER = yqs.basicSortTests;
				PRODUCT_NAME = "$(TARGET_NAME)";
				TARGETED_DEVICE_FAMILY = "1,2";
				TEST_HOST = "$(BUILT_PRODUCTS_DIR)/basicSort.app/basicSort";
			};
			name = Release;
		};
		DDB30115223252DE00918508 /* Debug */ = {
			isa = XCBuildConfiguration;
			baseConfigurationReference = CE21146FBD1FA66250D0052C /* Pods-basicSortUITests.debug.xcconfig */;
			buildSettings = {
				CODE_SIGN_STYLE = Automatic;
				DEVELOPMENT_TEAM = H26Y54627N;
				INFOPLIST_FILE = basicSortUITests/Info.plist;
				LD_RUNPATH_SEARCH_PATHS = (
					"$(inherited)",
					"@executable_path/Frameworks",
					"@loader_path/Frameworks",
				);
				PRODUCT_BUNDLE_IDENTIFIER = yqs.basicSortUITests;
				PRODUCT_NAME = "$(TARGET_NAME)";
				TARGETED_DEVICE_FAMILY = "1,2";
				TEST_TARGET_NAME = basicSort;
			};
			name = Debug;
		};
		DDB30116223252DE00918508 /* Release */ = {
			isa = XCBuildConfiguration;
			baseConfigurationReference = C432F1E1EC5F767683AF8477 /* Pods-basicSortUITests.release.xcconfig */;
			buildSettings = {
				CODE_SIGN_STYLE = Automatic;
				DEVELOPMENT_TEAM = H26Y54627N;
				INFOPLIST_FILE = basicSortUITests/Info.plist;
				LD_RUNPATH_SEARCH_PATHS = (
					"$(inherited)",
					"@executable_path/Frameworks",
					"@loader_path/Frameworks",
				);
				PRODUCT_BUNDLE_IDENTIFIER = yqs.basicSortUITests;
				PRODUCT_NAME = "$(TARGET_NAME)";
				TARGETED_DEVICE_FAMILY = "1,2";
				TEST_TARGET_NAME = basicSort;
			};
			name = Release;
		};
/* End XCBuildConfiguration section */

/* Begin XCConfigurationList section */
		DDB300DD223252D400918508 /* Build configuration list for PBXProject "basicSort" */ = {
			isa = XCConfigurationList;
			buildConfigurations = (
				DDB3010C223252DE00918508 /* Debug */,
				DDB3010D223252DE00918508 /* Release */,
			);
			defaultConfigurationIsVisible = 0;
			defaultConfigurationName = Release;
		};
		DDB3010E223252DE00918508 /* Build configuration list for PBXNativeTarget "basicSort" */ = {
			isa = XCConfigurationList;
			buildConfigurations = (
				DDB3010F223252DE00918508 /* Debug */,
				DDB30110223252DE00918508 /* Release */,
			);
			defaultConfigurationIsVisible = 0;
			defaultConfigurationName = Release;
		};
		DDB30111223252DE00918508 /* Build configuration list for PBXNativeTarget "basicSortTests" */ = {
			isa = XCConfigurationList;
			buildConfigurations = (
				DDB30112223252DE00918508 /* Debug */,
				DDB30113223252DE00918508 /* Release */,
			);
			defaultConfigurationIsVisible = 0;
			defaultConfigurationName = Release;
		};
		DDB30114223252DE00918508 /* Build configuration list for PBXNativeTarget "basicSortUITests" */ = {
			isa = XCConfigurationList;
			buildConfigurations = (
				DDB30115223252DE00918508 /* Debug */,
				DDB30116223252DE00918508 /* Release */,
			);
			defaultConfigurationIsVisible = 0;
			defaultConfigurationName = Release;
		};
/* End XCConfigurationList section */
	};
	rootObject = DDB300DA223252D400918508 /* Project object */;
}
