// !$*UTF8*$!
{
	archiveVersion = 1;
	classes = {
	};
	objectVersion = 50;
	objects = {

/* Begin PBXBuildFile section */
		DD09E111226D633C0099FC06 /* AppDelegate.m in Sources */ = {isa = PBXBuildFile; fileRef = DD09E110226D633C0099FC06 /* AppDelegate.m */; };
		DD09E114226D633C0099FC06 /* ViewController.m in Sources */ = {isa = PBXBuildFile; fileRef = DD09E113226D633C0099FC06 /* ViewController.m */; };
		DD09E117226D633C0099FC06 /* Main.storyboard in Resources */ = {isa = PBXBuildFile; fileRef = DD09E115226D633C0099FC06 /* Main.storyboard */; };
		DD09E119226D63470099FC06 /* Assets.xcassets in Resources */ = {isa = PBXBuildFile; fileRef = DD09E118226D63470099FC06 /* Assets.xcassets */; };
		DD09E11C226D63470099FC06 /* LaunchScreen.storyboard in Resources */ = {isa = PBXBuildFile; fileRef = DD09E11A226D63470099FC06 /* LaunchScreen.storyboard */; };
		DD09E11F226D63470099FC06 /* main.m in Sources */ = {isa = PBXBuildFile; fileRef = DD09E11E226D63470099FC06 /* main.m */; };
		DD09E129226D63470099FC06 /* YQS_HUDTests.m in Sources */ = {isa = PBXBuildFile; fileRef = DD09E128226D63470099FC06 /* YQS_HUDTests.m */; };
		DD09E134226D63470099FC06 /* YQS_HUDUITests.m in Sources */ = {isa = PBXBuildFile; fileRef = DD09E133226D63470099FC06 /* YQS_HUDUITests.m */; };
/* End PBXBuildFile section */

/* Begin PBXContainerItemProxy section */
		DD09E125226D63470099FC06 /* PBXContainerItemProxy */ = {
			isa = PBXContainerItemProxy;
			containerPortal = DD09E104226D633C0099FC06 /* Project object */;
			proxyType = 1;
			remoteGlobalIDString = DD09E10B226D633C0099FC06;
			remoteInfo = YQS_HUD;
		};
		DD09E130226D63470099FC06 /* PBXContainerItemProxy */ = {
			isa = PBXContainerItemProxy;
			containerPortal = DD09E104226D633C0099FC06 /* Project object */;
			proxyType = 1;
			remoteGlobalIDString = DD09E10B226D633C0099FC06;
			remoteInfo = YQS_HUD;
		};
/* End PBXContainerItemProxy section */

/* Begin PBXFileReference section */
		DD09E10C226D633C0099FC06 /* YQS_HUD.app */ = {isa = PBXFileReference; explicitFileType = wrapper.application; includeInIndex = 0; path = YQS_HUD.app; sourceTree = BUILT_PRODUCTS_DIR; };
		DD09E10F226D633C0099FC06 /* AppDelegate.h */ = {isa = PBXFileReference; lastKnownFileType = sourcecode.c.h; path = AppDelegate.h; sourceTree = "<group>"; };
		DD09E110226D633C0099FC06 /* AppDelegate.m */ = {isa = PBXFileReference; lastKnownFileType = sourcecode.c.objc; path = AppDelegate.m; sourceTree = "<group>"; };
		DD09E112226D633C0099FC06 /* ViewController.h */ = {isa = PBXFileReference; lastKnownFileType = sourcecode.c.h; path = ViewController.h; sourceTree = "<group>"; };
		DD09E113226D633C0099FC06 /* ViewController.m */ = {isa = PBXFileReference; lastKnownFileType = sourcecode.c.objc; path = ViewController.m; sourceTree = "<group>"; };
		DD09E116226D633C0099FC06 /* Base */ = {isa = PBXFileReference; lastKnownFileType = file.storyboard; name = Base; path = Base.lproj/Main.storyboard; sourceTree = "<group>"; };
		DD09E118226D63470099FC06 /* Assets.xcassets */ = {isa = PBXFileReference; lastKnownFileType = folder.assetcatalog; path = Assets.xcassets; sourceTree = "<group>"; };
		DD09E11B226D63470099FC06 /* Base */ = {isa = PBXFileReference; lastKnownFileType = file.storyboard; name = Base; path = Base.lproj/LaunchScreen.storyboard; sourceTree = "<group>"; };
		DD09E11D226D63470099FC06 /* Info.plist */ = {isa = PBXFileReference; lastKnownFileType = text.plist.xml; path = Info.plist; sourceTree = "<group>"; };
		DD09E11E226D63470099FC06 /* main.m */ = {isa = PBXFileReference; lastKnownFileType = sourcecode.c.objc; path = main.m; sourceTree = "<group>"; };
		DD09E124226D63470099FC06 /* YQS_HUDTests.xctest */ = {isa = PBXFileReference; explicitFileType = wrapper.cfbundle; includeInIndex = 0; path = YQS_HUDTests.xctest; sourceTree = BUILT_PRODUCTS_DIR; };
		DD09E128226D63470099FC06 /* YQS_HUDTests.m */ = {isa = PBXFileReference; lastKnownFileType = sourcecode.c.objc; path = YQS_HUDTests.m; sourceTree = "<group>"; };
		DD09E12A226D63470099FC06 /* Info.plist */ = {isa = PBXFileReference; lastKnownFileType = text.plist.xml; path = Info.plist; sourceTree = "<group>"; };
		DD09E12F226D63470099FC06 /* YQS_HUDUITests.xctest */ = {isa = PBXFileReference; explicitFileType = wrapper.cfbundle; includeInIndex = 0; path = YQS_HUDUITests.xctest; sourceTree = BUILT_PRODUCTS_DIR; };
		DD09E133226D63470099FC06 /* YQS_HUDUITests.m */ = {isa = PBXFileReference; lastKnownFileType = sourcecode.c.objc; path = YQS_HUDUITests.m; sourceTree = "<group>"; };
		DD09E135226D63470099FC06 /* Info.plist */ = {isa = PBXFileReference; lastKnownFileType = text.plist.xml; path = Info.plist; sourceTree = "<group>"; };
/* End PBXFileReference section */

/* Begin PBXFrameworksBuildPhase section */
		DD09E109226D633C0099FC06 /* Frameworks */ = {
			isa = PBXFrameworksBuildPhase;
			buildActionMask = 2147483647;
			files = (
			);
			runOnlyForDeploymentPostprocessing = 0;
		};
		DD09E121226D63470099FC06 /* Frameworks */ = {
			isa = PBXFrameworksBuildPhase;
			buildActionMask = 2147483647;
			files = (
			);
			runOnlyForDeploymentPostprocessing = 0;
		};
		DD09E12C226D63470099FC06 /* Frameworks */ = {
			isa = PBXFrameworksBuildPhase;
			buildActionMask = 2147483647;
			files = (
			);
			runOnlyForDeploymentPostprocessing = 0;
		};
/* End PBXFrameworksBuildPhase section */

/* Begin PBXGroup section */
		DD09E103226D633C0099FC06 = {
			isa = PBXGroup;
			children = (
				DD09E10E226D633C0099FC06 /* YQS_HUD */,
				DD09E127226D63470099FC06 /* YQS_HUDTests */,
				DD09E132226D63470099FC06 /* YQS_HUDUITests */,
				DD09E10D226D633C0099FC06 /* Products */,
			);
			sourceTree = "<group>";
		};
		DD09E10D226D633C0099FC06 /* Products */ = {
			isa = PBXGroup;
			children = (
				DD09E10C226D633C0099FC06 /* YQS_HUD.app */,
				DD09E124226D63470099FC06 /* YQS_HUDTests.xctest */,
				DD09E12F226D63470099FC06 /* YQS_HUDUITests.xctest */,
			);
			name = Products;
			sourceTree = "<group>";
		};
		DD09E10E226D633C0099FC06 /* YQS_HUD */ = {
			isa = PBXGroup;
			children = (
				DD09E10F226D633C0099FC06 /* AppDelegate.h */,
				DD09E110226D633C0099FC06 /* AppDelegate.m */,
				DD09E112226D633C0099FC06 /* ViewController.h */,
				DD09E113226D633C0099FC06 /* ViewController.m */,
				DD09E115226D633C0099FC06 /* Main.storyboard */,
				DD09E118226D63470099FC06 /* Assets.xcassets */,
				DD09E11A226D63470099FC06 /* LaunchScreen.storyboard */,
				DD09E11D226D63470099FC06 /* Info.plist */,
				DD09E11E226D63470099FC06 /* main.m */,
			);
			path = YQS_HUD;
			sourceTree = "<group>";
		};
		DD09E127226D63470099FC06 /* YQS_HUDTests */ = {
			isa = PBXGroup;
			children = (
				DD09E128226D63470099FC06 /* YQS_HUDTests.m */,
				DD09E12A226D63470099FC06 /* Info.plist */,
			);
			path = YQS_HUDTests;
			sourceTree = "<group>";
		};
		DD09E132226D63470099FC06 /* YQS_HUDUITests */ = {
			isa = PBXGroup;
			children = (
				DD09E133226D63470099FC06 /* YQS_HUDUITests.m */,
				DD09E135226D63470099FC06 /* Info.plist */,
			);
			path = YQS_HUDUITests;
			sourceTree = "<group>";
		};
/* End PBXGroup section */

/* Begin PBXNativeTarget section */
		DD09E10B226D633C0099FC06 /* YQS_HUD */ = {
			isa = PBXNativeTarget;
			buildConfigurationList = DD09E138226D63470099FC06 /* Build configuration list for PBXNativeTarget "YQS_HUD" */;
			buildPhases = (
				DD09E108226D633C0099FC06 /* Sources */,
				DD09E109226D633C0099FC06 /* Frameworks */,
				DD09E10A226D633C0099FC06 /* Resources */,
			);
			buildRules = (
			);
			dependencies = (
			);
			name = YQS_HUD;
			productName = YQS_HUD;
			productReference = DD09E10C226D633C0099FC06 /* YQS_HUD.app */;
			productType = "com.apple.product-type.application";
		};
		DD09E123226D63470099FC06 /* YQS_HUDTests */ = {
			isa = PBXNativeTarget;
			buildConfigurationList = DD09E13B226D63470099FC06 /* Build configuration list for PBXNativeTarget "YQS_HUDTests" */;
			buildPhases = (
				DD09E120226D63470099FC06 /* Sources */,
				DD09E121226D63470099FC06 /* Frameworks */,
				DD09E122226D63470099FC06 /* Resources */,
			);
			buildRules = (
			);
			dependencies = (
				DD09E126226D63470099FC06 /* PBXTargetDependency */,
			);
			name = YQS_HUDTests;
			productName = YQS_HUDTests;
			productReference = DD09E124226D63470099FC06 /* YQS_HUDTests.xctest */;
			productType = "com.apple.product-type.bundle.unit-test";
		};
		DD09E12E226D63470099FC06 /* YQS_HUDUITests */ = {
			isa = PBXNativeTarget;
			buildConfigurationList = DD09E13E226D63470099FC06 /* Build configuration list for PBXNativeTarget "YQS_HUDUITests" */;
			buildPhases = (
				DD09E12B226D63470099FC06 /* Sources */,
				DD09E12C226D63470099FC06 /* Frameworks */,
				DD09E12D226D63470099FC06 /* Resources */,
			);
			buildRules = (
			);
			dependencies = (
				DD09E131226D63470099FC06 /* PBXTargetDependency */,
			);
			name = YQS_HUDUITests;
			productName = YQS_HUDUITests;
			productReference = DD09E12F226D63470099FC06 /* YQS_HUDUITests.xctest */;
			productType = "com.apple.product-type.bundle.ui-testing";
		};
/* End PBXNativeTarget section */

/* Begin PBXProject section */
		DD09E104226D633C0099FC06 /* Project object */ = {
			isa = PBXProject;
			attributes = {
				LastUpgradeCheck = 1010;
				ORGANIZATIONNAME = yqs;
				TargetAttributes = {
					DD09E10B226D633C0099FC06 = {
						CreatedOnToolsVersion = 10.1;
					};
					DD09E123226D63470099FC06 = {
						CreatedOnToolsVersion = 10.1;
						TestTargetID = DD09E10B226D633C0099FC06;
					};
					DD09E12E226D63470099FC06 = {
						CreatedOnToolsVersion = 10.1;
						TestTargetID = DD09E10B226D633C0099FC06;
					};
				};
			};
			buildConfigurationList = DD09E107226D633C0099FC06 /* Build configuration list for PBXProject "YQS_HUD" */;
			compatibilityVersion = "Xcode 9.3";
			developmentRegion = en;
			hasScannedForEncodings = 0;
			knownRegions = (
				en,
				Base,
			);
			mainGroup = DD09E103226D633C0099FC06;
			productRefGroup = DD09E10D226D633C0099FC06 /* Products */;
			projectDirPath = "";
			projectRoot = "";
			targets = (
				DD09E10B226D633C0099FC06 /* YQS_HUD */,
				DD09E123226D63470099FC06 /* YQS_HUDTests */,
				DD09E12E226D63470099FC06 /* YQS_HUDUITests */,
			);
		};
/* End PBXProject section */

/* Begin PBXResourcesBuildPhase section */
		DD09E10A226D633C0099FC06 /* Resources */ = {
			isa = PBXResourcesBuildPhase;
			buildActionMask = 2147483647;
			files = (
				DD09E11C226D63470099FC06 /* LaunchScreen.storyboard in Resources */,
				DD09E119226D63470099FC06 /* Assets.xcassets in Resources */,
				DD09E117226D633C0099FC06 /* Main.storyboard in Resources */,
			);
			runOnlyForDeploymentPostprocessing = 0;
		};
		DD09E122226D63470099FC06 /* Resources */ = {
			isa = PBXResourcesBuildPhase;
			buildActionMask = 2147483647;
			files = (
			);
			runOnlyForDeploymentPostprocessing = 0;
		};
		DD09E12D226D63470099FC06 /* Resources */ = {
			isa = PBXResourcesBuildPhase;
			buildActionMask = 2147483647;
			files = (
			);
			runOnlyForDeploymentPostprocessing = 0;
		};
/* End PBXResourcesBuildPhase section */

/* Begin PBXSourcesBuildPhase section */
		DD09E108226D633C0099FC06 /* Sources */ = {
			isa = PBXSourcesBuildPhase;
			buildActionMask = 2147483647;
			files = (
				DD09E114226D633C0099FC06 /* ViewController.m in Sources */,
				DD09E11F226D63470099FC06 /* main.m in Sources */,
				DD09E111226D633C0099FC06 /* AppDelegate.m in Sources */,
			);
			runOnlyForDeploymentPostprocessing = 0;
		};
		DD09E120226D63470099FC06 /* Sources */ = {
			isa = PBXSourcesBuildPhase;
			buildActionMask = 2147483647;
			files = (
				DD09E129226D63470099FC06 /* YQS_HUDTests.m in Sources */,
			);
			runOnlyForDeploymentPostprocessing = 0;
		};
		DD09E12B226D63470099FC06 /* Sources */ = {
			isa = PBXSourcesBuildPhase;
			buildActionMask = 2147483647;
			files = (
				DD09E134226D63470099FC06 /* YQS_HUDUITests.m in Sources */,
			);
			runOnlyForDeploymentPostprocessing = 0;
		};
/* End PBXSourcesBuildPhase section */

/* Begin PBXTargetDependency section */
		DD09E126226D63470099FC06 /* PBXTargetDependency */ = {
			isa = PBXTargetDependency;
			target = DD09E10B226D633C0099FC06 /* YQS_HUD */;
			targetProxy = DD09E125226D63470099FC06 /* PBXContainerItemProxy */;
		};
		DD09E131226D63470099FC06 /* PBXTargetDependency */ = {
			isa = PBXTargetDependency;
			target = DD09E10B226D633C0099FC06 /* YQS_HUD */;
			targetProxy = DD09E130226D63470099FC06 /* PBXContainerItemProxy */;
		};
/* End PBXTargetDependency section */

/* Begin PBXVariantGroup section */
		DD09E115226D633C0099FC06 /* Main.storyboard */ = {
			isa = PBXVariantGroup;
			children = (
				DD09E116226D633C0099FC06 /* Base */,
			);
			name = Main.storyboard;
			sourceTree = "<group>";
		};
		DD09E11A226D63470099FC06 /* LaunchScreen.storyboard */ = {
			isa = PBXVariantGroup;
			children = (
				DD09E11B226D63470099FC06 /* Base */,
			);
			name = LaunchScreen.storyboard;
			sourceTree = "<group>";
		};
/* End PBXVariantGroup section */

/* Begin XCBuildConfiguration section */
		DD09E136226D63470099FC06 /* Debug */ = {
			isa = XCBuildConfiguration;
			buildSettings = {
				ALWAYS_SEARCH_USER_PATHS = NO;
				CLANG_ANALYZER_NONNULL = YES;
				CLANG_ANALYZER_NUMBER_OBJECT_CONVERSION = YES_AGGRESSIVE;
				CLANG_CXX_LANGUAGE_STANDARD = "gnu++14";
				CLANG_CXX_LIBRARY = "libc++";
				CLANG_ENABLE_MODULES = YES;
				CLANG_ENABLE_OBJC_ARC = YES;
				CLANG_ENABLE_OBJC_WEAK = YES;
				CLANG_WARN_BLOCK_CAPTURE_AUTORELEASING = YES;
				CLANG_WARN_BOOL_CONVERSION = YES;
				CLANG_WARN_COMMA = YES;
				CLANG_WARN_CONSTANT_CONVERSION = YES;
				CLANG_WARN_DEPRECATED_OBJC_IMPLEMENTATIONS = YES;
				CLANG_WARN_DIRECT_OBJC_ISA_USAGE = YES_ERROR;
				CLANG_WARN_DOCUMENTATION_COMMENTS = YES;
				CLANG_WARN_EMPTY_BODY = YES;
				CLANG_WARN_ENUM_CONVERSION = YES;
				CLANG_WARN_INFINITE_RECURSION = YES;
				CLANG_WARN_INT_CONVERSION = YES;
				CLANG_WARN_NON_LITERAL_NULL_CONVERSION = YES;
				CLANG_WARN_OBJC_IMPLICIT_RETAIN_SELF = YES;
				CLANG_WARN_OBJC_LITERAL_CONVERSION = YES;
				CLANG_WARN_OBJC_ROOT_CLASS = YES_ERROR;
				CLANG_WARN_RANGE_LOOP_ANALYSIS = YES;
				CLANG_WARN_STRICT_PROTOTYPES = YES;
				CLANG_WARN_SUSPICIOUS_MOVE = YES;
				CLANG_WARN_UNGUARDED_AVAILABILITY = YES_AGGRESSIVE;
				CLANG_WARN_UNREACHABLE_CODE = YES;
				CLANG_WARN__DUPLICATE_METHOD_MATCH = YES;
				CODE_SIGN_IDENTITY = "iPhone Developer";
				COPY_PHASE_STRIP = NO;
				DEBUG_INFORMATION_FORMAT = dwarf;
				ENABLE_STRICT_OBJC_MSGSEND = YES;
				ENABLE_TESTABILITY = YES;
				GCC_C_LANGUAGE_STANDARD = gnu11;
				GCC_DYNAMIC_NO_PIC = NO;
				GCC_NO_COMMON_BLOCKS = YES;
				GCC_OPTIMIZATION_LEVEL = 0;
				GCC_PREPROCESSOR_DEFINITIONS = (
					"DEBUG=1",
					"$(inherited)",
				);
				GCC_WARN_64_TO_32_BIT_CONVERSION = YES;
				GCC_WARN_ABOUT_RETURN_TYPE = YES_ERROR;
				GCC_WARN_UNDECLARED_SELECTOR = YES;
				GCC_WARN_UNINITIALIZED_AUTOS = YES_AGGRESSIVE;
				GCC_WARN_UNUSED_FUNCTION = YES;
				GCC_WARN_UNUSED_VARIABLE = YES;
				IPHONEOS_DEPLOYMENT_TARGET = 12.1;
				MTL_ENABLE_DEBUG_INFO = INCLUDE_SOURCE;
				MTL_FAST_MATH = YES;
				ONLY_ACTIVE_ARCH = YES;
				SDKROOT = iphoneos;
			};
			name = Debug;
		};
		DD09E137226D63470099FC06 /* Release */ = {
			isa = XCBuildConfiguration;
			buildSettings = {
				ALWAYS_SEARCH_USER_PATHS = NO;
				CLANG_ANALYZER_NONNULL = YES;
				CLANG_ANALYZER_NUMBER_OBJECT_CONVERSION = YES_AGGRESSIVE;
				CLANG_CXX_LANGUAGE_STANDARD = "gnu++14";
				CLANG_CXX_LIBRARY = "libc++";
				CLANG_ENABLE_MODULES = YES;
				CLANG_ENABLE_OBJC_ARC = YES;
				CLANG_ENABLE_OBJC_WEAK = YES;
				CLANG_WARN_BLOCK_CAPTURE_AUTORELEASING = YES;
				CLANG_WARN_BOOL_CONVERSION = YES;
				CLANG_WARN_COMMA = YES;
				CLANG_WARN_CONSTANT_CONVERSION = YES;
				CLANG_WARN_DEPRECATED_OBJC_IMPLEMENTATIONS = YES;
				CLANG_WARN_DIRECT_OBJC_ISA_USAGE = YES_ERROR;
				CLANG_WARN_DOCUMENTATION_COMMENTS = YES;
				CLANG_WARN_EMPTY_BODY = YES;
				CLANG_WARN_ENUM_CONVERSION = YES;
				CLANG_WARN_INFINITE_RECURSION = YES;
				CLANG_WARN_INT_CONVERSION = YES;
				CLANG_WARN_NON_LITERAL_NULL_CONVERSION = YES;
				CLANG_WARN_OBJC_IMPLICIT_RETAIN_SELF = YES;
				CLANG_WARN_OBJC_LITERAL_CONVERSION = YES;
				CLANG_WARN_OBJC_ROOT_CLASS = YES_ERROR;
				CLANG_WARN_RANGE_LOOP_ANALYSIS = YES;
				CLANG_WARN_STRICT_PROTOTYPES = YES;
				CLANG_WARN_SUSPICIOUS_MOVE = YES;
				CLANG_WARN_UNGUARDED_AVAILABILITY = YES_AGGRESSIVE;
				CLANG_WARN_UNREACHABLE_CODE = YES;
				CLANG_WARN__DUPLICATE_METHOD_MATCH = YES;
				CODE_SIGN_IDENTITY = "iPhone Developer";
				COPY_PHASE_STRIP = NO;
				DEBUG_INFORMATION_FORMAT = "dwarf-with-dsym";
				ENABLE_NS_ASSERTIONS = NO;
				ENABLE_STRICT_OBJC_MSGSEND = YES;
				GCC_C_LANGUAGE_STANDARD = gnu11;
				GCC_NO_COMMON_BLOCKS = YES;
				GCC_WARN_64_TO_32_BIT_CONVERSION = YES;
				GCC_WARN_ABOUT_RETURN_TYPE = YES_ERROR;
				GCC_WARN_UNDECLARED_SELECTOR = YES;
				GCC_WARN_UNINITIALIZED_AUTOS = YES_AGGRESSIVE;
				GCC_WARN_UNUSED_FUNCTION = YES;
				GCC_WARN_UNUSED_VARIABLE = YES;
				IPHONEOS_DEPLOYMENT_TARGET = 12.1;
				MTL_ENABLE_DEBUG_INFO = NO;
				MTL_FAST_MATH = YES;
				SDKROOT = iphoneos;
				VALIDATE_PRODUCT = YES;
			};
			name = Release;
		};
		DD09E139226D63470099FC06 /* Debug */ = {
			isa = XCBuildConfiguration;
			buildSettings = {
				ASSETCATALOG_COMPILER_APPICON_NAME = AppIcon;
				CODE_SIGN_STYLE = Automatic;
				DEVELOPMENT_TEAM = BRRMBKHNEL;
				INFOPLIST_FILE = YQS_HUD/Info.plist;
				LD_RUNPATH_SEARCH_PATHS = (
					"$(inherited)",
					"@executable_path/Frameworks",
				);
				PRODUCT_BUNDLE_IDENTIFIER = "yqs.YQS-HUD";
				PRODUCT_NAME = "$(TARGET_NAME)";
				TARGETED_DEVICE_FAMILY = "1,2";
			};
			name = Debug;
		};
		DD09E13A226D63470099FC06 /* Release */ = {
			isa = XCBuildConfiguration;
			buildSettings = {
				ASSETCATALOG_COMPILER_APPICON_NAME = AppIcon;
				CODE_SIGN_STYLE = Automatic;
				DEVELOPMENT_TEAM = BRRMBKHNEL;
				INFOPLIST_FILE = YQS_HUD/Info.plist;
				LD_RUNPATH_SEARCH_PATHS = (
					"$(inherited)",
					"@executable_path/Frameworks",
				);
				PRODUCT_BUNDLE_IDENTIFIER = "yqs.YQS-HUD";
				PRODUCT_NAME = "$(TARGET_NAME)";
				TARGETED_DEVICE_FAMILY = "1,2";
			};
			name = Release;
		};
		DD09E13C226D63470099FC06 /* Debug */ = {
			isa = XCBuildConfiguration;
			buildSettings = {
				BUNDLE_LOADER = "$(TEST_HOST)";
				CODE_SIGN_STYLE = Automatic;
				DEVELOPMENT_TEAM = BRRMBKHNEL;
				INFOPLIST_FILE = YQS_HUDTests/Info.plist;
				LD_RUNPATH_SEARCH_PATHS = (
					"$(inherited)",
					"@executable_path/Frameworks",
					"@loader_path/Frameworks",
				);
				PRODUCT_BUNDLE_IDENTIFIER = "yqs.YQS-HUDTests";
				PRODUCT_NAME = "$(TARGET_NAME)";
				TARGETED_DEVICE_FAMILY = "1,2";
				TEST_HOST = "$(BUILT_PRODUCTS_DIR)/YQS_HUD.app/YQS_HUD";
			};
			name = Debug;
		};
		DD09E13D226D63470099FC06 /* Release */ = {
			isa = XCBuildConfiguration;
			buildSettings = {
				BUNDLE_LOADER = "$(TEST_HOST)";
				CODE_SIGN_STYLE = Automatic;
				DEVELOPMENT_TEAM = BRRMBKHNEL;
				INFOPLIST_FILE = YQS_HUDTests/Info.plist;
				LD_RUNPATH_SEARCH_PATHS = (
					"$(inherited)",
					"@executable_path/Frameworks",
					"@loader_path/Frameworks",
				);
				PRODUCT_BUNDLE_IDENTIFIER = "yqs.YQS-HUDTests";
				PRODUCT_NAME = "$(TARGET_NAME)";
				TARGETED_DEVICE_FAMILY = "1,2";
				TEST_HOST = "$(BUILT_PRODUCTS_DIR)/YQS_HUD.app/YQS_HUD";
			};
			name = Release;
		};
		DD09E13F226D63470099FC06 /* Debug */ = {
			isa = XCBuildConfiguration;
			buildSettings = {
				CODE_SIGN_STYLE = Automatic;
				DEVELOPMENT_TEAM = BRRMBKHNEL;
				INFOPLIST_FILE = YQS_HUDUITests/Info.plist;
				LD_RUNPATH_SEARCH_PATHS = (
					"$(inherited)",
					"@executable_path/Frameworks",
					"@loader_path/Frameworks",
				);
				PRODUCT_BUNDLE_IDENTIFIER = "yqs.YQS-HUDUITests";
				PRODUCT_NAME = "$(TARGET_NAME)";
				TARGETED_DEVICE_FAMILY = "1,2";
				TEST_TARGET_NAME = YQS_HUD;
			};
			name = Debug;
		};
		DD09E140226D63470099FC06 /* Release */ = {
			isa = XCBuildConfiguration;
			buildSettings = {
				CODE_SIGN_STYLE = Automatic;
				DEVELOPMENT_TEAM = BRRMBKHNEL;
				INFOPLIST_FILE = YQS_HUDUITests/Info.plist;
				LD_RUNPATH_SEARCH_PATHS = (
					"$(inherited)",
					"@executable_path/Frameworks",
					"@loader_path/Frameworks",
				);
				PRODUCT_BUNDLE_IDENTIFIER = "yqs.YQS-HUDUITests";
				PRODUCT_NAME = "$(TARGET_NAME)";
				TARGETED_DEVICE_FAMILY = "1,2";
				TEST_TARGET_NAME = YQS_HUD;
			};
			name = Release;
		};
/* End XCBuildConfiguration section */

/* Begin XCConfigurationList section */
		DD09E107226D633C0099FC06 /* Build configuration list for PBXProject "YQS_HUD" */ = {
			isa = XCConfigurationList;
			buildConfigurations = (
				DD09E136226D63470099FC06 /* Debug */,
				DD09E137226D63470099FC06 /* Release */,
			);
			defaultConfigurationIsVisible = 0;
			defaultConfigurationName = Release;
		};
		DD09E138226D63470099FC06 /* Build configuration list for PBXNativeTarget "YQS_HUD" */ = {
			isa = XCConfigurationList;
			buildConfigurations = (
				DD09E139226D63470099FC06 /* Debug */,
				DD09E13A226D63470099FC06 /* Release */,
			);
			defaultConfigurationIsVisible = 0;
			defaultConfigurationName = Release;
		};
		DD09E13B226D63470099FC06 /* Build configuration list for PBXNativeTarget "YQS_HUDTests" */ = {
			isa = XCConfigurationList;
			buildConfigurations = (
				DD09E13C226D63470099FC06 /* Debug */,
				DD09E13D226D63470099FC06 /* Release */,
			);
			defaultConfigurationIsVisible = 0;
			defaultConfigurationName = Release;
		};
		DD09E13E226D63470099FC06 /* Build configuration list for PBXNativeTarget "YQS_HUDUITests" */ = {
			isa = XCConfigurationList;
			buildConfigurations = (
				DD09E13F226D63470099FC06 /* Debug */,
				DD09E140226D63470099FC06 /* Release */,
			);
			defaultConfigurationIsVisible = 0;
			defaultConfigurationName = Release;
		};
/* End XCConfigurationList section */
	};
	rootObject = DD09E104226D633C0099FC06 /* Project object */;
}
